lockfileVersion: '6.0'

devDependencies:
  type-fest:
    specifier: ^3.11.0
    version: 3.11.0

packages:

  /type-fest@3.11.0:
    resolution: {integrity: sha512-JaPw5U9ixP0XcpUbQoVSbxSDcK/K4nww20C3kjm9yE6cDRRhptU28AH60VWf9ltXmCrIfIbtt9J+2OUk2Uqiaw==}
    engines: {node: '>=14.16'}
    dev: true
